
Microsoft Visual Studio Solution File, Format Version 12.00
# Visual Studio Version 16
VisualStudioVersion = 16.0.29418.71
MinimumVisualStudioVersion = 10.0.40219.1
Project("{FAE04EC0-301F-11D3-BF4B-00C04F79EFBC}") = "rename", "rename.csproj", "{DDF8FE71-7513-44AF-A478-47AEAA9CBE27}"
EndProject
Global
	GlobalSection(SolutionConfigurationPlatforms) = preSolution
		Debug|Any CPU = Debug|Any CPU
		Release|Any CPU = Release|Any CPU
	EndGlobalSection
	GlobalSection(ProjectConfigurationPlatforms) = postSolution
		{DDF8FE71-7513-44AF-A478-47AEAA9CBE27}.Debug|Any CPU.ActiveCfg = Debug|Any CPU
		{DDF8FE71-7513-44AF-A478-47AEAA9CBE27}.Debug|Any CPU.Build.0 = Debug|Any CPU
		{DDF8FE71-7513-44AF-A478-47AEAA9CBE27}.Release|Any CPU.ActiveCfg = Release|Any CPU
		{DDF8FE71-7513-44AF-A478-47AEAA9CBE27}.Release|Any CPU.Build.0 = Release|Any CPU
	EndGlobalSection
	GlobalSection(SolutionProperties) = preSolution
		HideSolutionNode = FALSE
	EndGlobalSection
	GlobalSection(ExtensibilityGlobals) = postSolution
		SolutionGuid = {473E04CD-01CF-4986-863B-06748C9E5077}
	EndGlobalSection
EndGlobal
